
Microsoft Visual Studio Solution File, Format Version 12.00
# Visual Studio Version 17
VisualStudioVersion = 17.12.35707.178
MinimumVisualStudioVersion = 10.0.40219.1
Project("{8BC9CEB8-8B4A-11D0-8D11-00A0C91BC942}") = "Cpp_nullnull", "Cpp_nullnull\Cpp_nullnull.vcxproj", "{8C2EE6B3-2A52-4DED-96F4-D5D17446B453}"
EndProject
Project("{8BC9CEB8-8B4A-11D0-8D11-00A0C91BC942}") = "01. Helloworld", "01. Helloworld\01. Helloworld.vcxproj", "{25C04174-BF32-4155-BF87-4632AF072A05}"
EndProject
Project("{8BC9CEB8-8B4A-11D0-8D11-00A0C91BC942}") = "02.메모리 동적 할당 new_delete", "02.메모리 동적 할당 new_delete\02.메모리 동적 할당 new_delete.vcxproj", "{BB104F13-CB3B-4E39-A974-6F6C18A4E0BB}"
EndProject
Project("{8BC9CEB8-8B4A-11D0-8D11-00A0C91BC942}") = "실습38번", "C++_univ_vs2022\실습38번\실습38번.vcxproj", "{ED6FC37F-03B6-44D9-9FB3-17CD8419A93E}"
EndProject
Project("{8BC9CEB8-8B4A-11D0-8D11-00A0C91BC942}") = "실습24번", "C++_univ_vs2022\실습24번\실습24번.vcxproj", "{AE4409F0-0278-4588-9BB4-8B182723BA42}"
EndProject
Project("{8BC9CEB8-8B4A-11D0-8D11-00A0C91BC942}") = "실습27번", "C++_univ_vs2022\실습27번\실습27번.vcxproj", "{C5348E6C-6B3E-4860-B34C-4728D2FCDA47}"
EndProject
Project("{8BC9CEB8-8B4A-11D0-8D11-00A0C91BC942}") = "실습28번", "C++_univ_vs2022\실습28번\실습28번.vcxproj", "{E7A5F03E-2361-4944-84EC-4B2E553EC669}"
EndProject
Project("{8BC9CEB8-8B4A-11D0-8D11-00A0C91BC942}") = "실습29번", "C++_univ_vs2022\실습29번\실습29번.vcxproj", "{2D4E136D-FF71-49F2-97C9-6D3B62709D82}"
EndProject
Project("{8BC9CEB8-8B4A-11D0-8D11-00A0C91BC942}") = "실습34번", "C++_univ_vs2022\실습34번\실습34번.vcxproj", "{57EB59EE-BCA4-449E-B917-02AE428C6781}"
EndProject
Project("{8BC9CEB8-8B4A-11D0-8D11-00A0C91BC942}") = "실습42번", "C++_univ_vs2022\실습42번\실습42번.vcxproj", "{17A65668-80E4-4D0E-B9B6-8670B0C65881}"
EndProject
Project("{8BC9CEB8-8B4A-11D0-8D11-00A0C91BC942}") = "실습52번", "C++_univ_vs2022\실습52번\실습52번.vcxproj", "{B6CECD37-905D-4C35-8A6A-18F43BB24942}"
EndProject
Project("{8BC9CEB8-8B4A-11D0-8D11-00A0C91BC942}") = "실습41번", "C++_univ_vs2022\실습41번\실습41번.vcxproj", "{FE178C2A-BDF9-4757-ACCB-603A818DE769}"
EndProject
Project("{8BC9CEB8-8B4A-11D0-8D11-00A0C91BC942}") = "실습51번", "C++_univ_vs2022\실습51번\실습51번.vcxproj", "{84F3754E-5DA1-4435-BAD6-0D2E5C33330F}"
EndProject
Project("{8BC9CEB8-8B4A-11D0-8D11-00A0C91BC942}") = "실습61번", "C++_univ_vs2022\실습61번\실습61번.vcxproj", "{71C1698F-2368-4F56-8657-F520C5EB1627}"
EndProject
Project("{8BC9CEB8-8B4A-11D0-8D11-00A0C91BC942}") = "실습62번", "C++_univ_vs2022\실습62번\실습62번.vcxproj", "{876FD5A3-72FB-4E87-BB52-D095DFF7F0CF}"
EndProject
Global
	GlobalSection(SolutionConfigurationPlatforms) = preSolution
		Debug|x64 = Debug|x64
		Debug|x86 = Debug|x86
		Release|x64 = Release|x64
		Release|x86 = Release|x86
	EndGlobalSection
	GlobalSection(ProjectConfigurationPlatforms) = postSolution
		{8C2EE6B3-2A52-4DED-96F4-D5D17446B453}.Debug|x64.ActiveCfg = Debug|x64
		{8C2EE6B3-2A52-4DED-96F4-D5D17446B453}.Debug|x64.Build.0 = Debug|x64
		{8C2EE6B3-2A52-4DED-96F4-D5D17446B453}.Debug|x86.ActiveCfg = Debug|Win32
		{8C2EE6B3-2A52-4DED-96F4-D5D17446B453}.Debug|x86.Build.0 = Debug|Win32
		{8C2EE6B3-2A52-4DED-96F4-D5D17446B453}.Release|x64.ActiveCfg = Release|x64
		{8C2EE6B3-2A52-4DED-96F4-D5D17446B453}.Release|x64.Build.0 = Release|x64
		{8C2EE6B3-2A52-4DED-96F4-D5D17446B453}.Release|x86.ActiveCfg = Release|Win32
		{8C2EE6B3-2A52-4DED-96F4-D5D17446B453}.Release|x86.Build.0 = Release|Win32
		{25C04174-BF32-4155-BF87-4632AF072A05}.Debug|x64.ActiveCfg = Debug|x64
		{25C04174-BF32-4155-BF87-4632AF072A05}.Debug|x64.Build.0 = Debug|x64
		{25C04174-BF32-4155-BF87-4632AF072A05}.Debug|x86.ActiveCfg = Debug|Win32
		{25C04174-BF32-4155-BF87-4632AF072A05}.Debug|x86.Build.0 = Debug|Win32
		{25C04174-BF32-4155-BF87-4632AF072A05}.Release|x64.ActiveCfg = Release|x64
		{25C04174-BF32-4155-BF87-4632AF072A05}.Release|x64.Build.0 = Release|x64
		{25C04174-BF32-4155-BF87-4632AF072A05}.Release|x86.ActiveCfg = Release|Win32
		{25C04174-BF32-4155-BF87-4632AF072A05}.Release|x86.Build.0 = Release|Win32
		{BB104F13-CB3B-4E39-A974-6F6C18A4E0BB}.Debug|x64.ActiveCfg = Debug|x64
		{BB104F13-CB3B-4E39-A974-6F6C18A4E0BB}.Debug|x64.Build.0 = Debug|x64
		{BB104F13-CB3B-4E39-A974-6F6C18A4E0BB}.Debug|x86.ActiveCfg = Debug|Win32
		{BB104F13-CB3B-4E39-A974-6F6C18A4E0BB}.Debug|x86.Build.0 = Debug|Win32
		{BB104F13-CB3B-4E39-A974-6F6C18A4E0BB}.Release|x64.ActiveCfg = Release|x64
		{BB104F13-CB3B-4E39-A974-6F6C18A4E0BB}.Release|x64.Build.0 = Release|x64
		{BB104F13-CB3B-4E39-A974-6F6C18A4E0BB}.Release|x86.ActiveCfg = Release|Win32
		{BB104F13-CB3B-4E39-A974-6F6C18A4E0BB}.Release|x86.Build.0 = Release|Win32
		{ED6FC37F-03B6-44D9-9FB3-17CD8419A93E}.Debug|x64.ActiveCfg = Debug|x64
		{ED6FC37F-03B6-44D9-9FB3-17CD8419A93E}.Debug|x64.Build.0 = Debug|x64
		{ED6FC37F-03B6-44D9-9FB3-17CD8419A93E}.Debug|x86.ActiveCfg = Debug|Win32
		{ED6FC37F-03B6-44D9-9FB3-17CD8419A93E}.Debug|x86.Build.0 = Debug|Win32
		{ED6FC37F-03B6-44D9-9FB3-17CD8419A93E}.Release|x64.ActiveCfg = Release|x64
		{ED6FC37F-03B6-44D9-9FB3-17CD8419A93E}.Release|x64.Build.0 = Release|x64
		{ED6FC37F-03B6-44D9-9FB3-17CD8419A93E}.Release|x86.ActiveCfg = Release|Win32
		{ED6FC37F-03B6-44D9-9FB3-17CD8419A93E}.Release|x86.Build.0 = Release|Win32
		{AE4409F0-0278-4588-9BB4-8B182723BA42}.Debug|x64.ActiveCfg = Debug|x64
		{AE4409F0-0278-4588-9BB4-8B182723BA42}.Debug|x64.Build.0 = Debug|x64
		{AE4409F0-0278-4588-9BB4-8B182723BA42}.Debug|x86.ActiveCfg = Debug|Win32
		{AE4409F0-0278-4588-9BB4-8B182723BA42}.Debug|x86.Build.0 = Debug|Win32
		{AE4409F0-0278-4588-9BB4-8B182723BA42}.Release|x64.ActiveCfg = Release|x64
		{AE4409F0-0278-4588-9BB4-8B182723BA42}.Release|x64.Build.0 = Release|x64
		{AE4409F0-0278-4588-9BB4-8B182723BA42}.Release|x86.ActiveCfg = Release|Win32
		{AE4409F0-0278-4588-9BB4-8B182723BA42}.Release|x86.Build.0 = Release|Win32
		{C5348E6C-6B3E-4860-B34C-4728D2FCDA47}.Debug|x64.ActiveCfg = Debug|x64
		{C5348E6C-6B3E-4860-B34C-4728D2FCDA47}.Debug|x64.Build.0 = Debug|x64
		{C5348E6C-6B3E-4860-B34C-4728D2FCDA47}.Debug|x86.ActiveCfg = Debug|Win32
		{C5348E6C-6B3E-4860-B34C-4728D2FCDA47}.Debug|x86.Build.0 = Debug|Win32
		{C5348E6C-6B3E-4860-B34C-4728D2FCDA47}.Release|x64.ActiveCfg = Release|x64
		{C5348E6C-6B3E-4860-B34C-4728D2FCDA47}.Release|x64.Build.0 = Release|x64
		{C5348E6C-6B3E-4860-B34C-4728D2FCDA47}.Release|x86.ActiveCfg = Release|Win32
		{C5348E6C-6B3E-4860-B34C-4728D2FCDA47}.Release|x86.Build.0 = Release|Win32
		{E7A5F03E-2361-4944-84EC-4B2E553EC669}.Debug|x64.ActiveCfg = Debug|x64
		{E7A5F03E-2361-4944-84EC-4B2E553EC669}.Debug|x64.Build.0 = Debug|x64
		{E7A5F03E-2361-4944-84EC-4B2E553EC669}.Debug|x86.ActiveCfg = Debug|Win32
		{E7A5F03E-2361-4944-84EC-4B2E553EC669}.Debug|x86.Build.0 = Debug|Win32
		{E7A5F03E-2361-4944-84EC-4B2E553EC669}.Release|x64.ActiveCfg = Release|x64
		{E7A5F03E-2361-4944-84EC-4B2E553EC669}.Release|x64.Build.0 = Release|x64
		{E7A5F03E-2361-4944-84EC-4B2E553EC669}.Release|x86.ActiveCfg = Release|Win32
		{E7A5F03E-2361-4944-84EC-4B2E553EC669}.Release|x86.Build.0 = Release|Win32
		{2D4E136D-FF71-49F2-97C9-6D3B62709D82}.Debug|x64.ActiveCfg = Debug|x64
		{2D4E136D-FF71-49F2-97C9-6D3B62709D82}.Debug|x64.Build.0 = Debug|x64
		{2D4E136D-FF71-49F2-97C9-6D3B62709D82}.Debug|x86.ActiveCfg = Debug|Win32
		{2D4E136D-FF71-49F2-97C9-6D3B62709D82}.Debug|x86.Build.0 = Debug|Win32
		{2D4E136D-FF71-49F2-97C9-6D3B62709D82}.Release|x64.ActiveCfg = Release|x64
		{2D4E136D-FF71-49F2-97C9-6D3B62709D82}.Release|x64.Build.0 = Release|x64
		{2D4E136D-FF71-49F2-97C9-6D3B62709D82}.Release|x86.ActiveCfg = Release|Win32
		{2D4E136D-FF71-49F2-97C9-6D3B62709D82}.Release|x86.Build.0 = Release|Win32
		{57EB59EE-BCA4-449E-B917-02AE428C6781}.Debug|x64.ActiveCfg = Debug|x64
		{57EB59EE-BCA4-449E-B917-02AE428C6781}.Debug|x64.Build.0 = Debug|x64
		{57EB59EE-BCA4-449E-B917-02AE428C6781}.Debug|x86.ActiveCfg = Debug|Win32
		{57EB59EE-BCA4-449E-B917-02AE428C6781}.Debug|x86.Build.0 = Debug|Win32
		{57EB59EE-BCA4-449E-B917-02AE428C6781}.Release|x64.ActiveCfg = Release|x64
		{57EB59EE-BCA4-449E-B917-02AE428C6781}.Release|x64.Build.0 = Release|x64
		{57EB59EE-BCA4-449E-B917-02AE428C6781}.Release|x86.ActiveCfg = Release|Win32
		{57EB59EE-BCA4-449E-B917-02AE428C6781}.Release|x86.Build.0 = Release|Win32
		{17A65668-80E4-4D0E-B9B6-8670B0C65881}.Debug|x64.ActiveCfg = Debug|x64
		{17A65668-80E4-4D0E-B9B6-8670B0C65881}.Debug|x64.Build.0 = Debug|x64
		{17A65668-80E4-4D0E-B9B6-8670B0C65881}.Debug|x86.ActiveCfg = Debug|Win32
		{17A65668-80E4-4D0E-B9B6-8670B0C65881}.Debug|x86.Build.0 = Debug|Win32
		{17A65668-80E4-4D0E-B9B6-8670B0C65881}.Release|x64.ActiveCfg = Release|x64
		{17A65668-80E4-4D0E-B9B6-8670B0C65881}.Release|x64.Build.0 = Release|x64
		{17A65668-80E4-4D0E-B9B6-8670B0C65881}.Release|x86.ActiveCfg = Release|Win32
		{17A65668-80E4-4D0E-B9B6-8670B0C65881}.Release|x86.Build.0 = Release|Win32
		{B6CECD37-905D-4C35-8A6A-18F43BB24942}.Debug|x64.ActiveCfg = Debug|x64
		{B6CECD37-905D-4C35-8A6A-18F43BB24942}.Debug|x64.Build.0 = Debug|x64
		{B6CECD37-905D-4C35-8A6A-18F43BB24942}.Debug|x86.ActiveCfg = Debug|Win32
		{B6CECD37-905D-4C35-8A6A-18F43BB24942}.Debug|x86.Build.0 = Debug|Win32
		{B6CECD37-905D-4C35-8A6A-18F43BB24942}.Release|x64.ActiveCfg = Release|x64
		{B6CECD37-905D-4C35-8A6A-18F43BB24942}.Release|x64.Build.0 = Release|x64
		{B6CECD37-905D-4C35-8A6A-18F43BB24942}.Release|x86.ActiveCfg = Release|Win32
		{B6CECD37-905D-4C35-8A6A-18F43BB24942}.Release|x86.Build.0 = Release|Win32
		{FE178C2A-BDF9-4757-ACCB-603A818DE769}.Debug|x64.ActiveCfg = Debug|x64
		{FE178C2A-BDF9-4757-ACCB-603A818DE769}.Debug|x64.Build.0 = Debug|x64
		{FE178C2A-BDF9-4757-ACCB-603A818DE769}.Debug|x86.ActiveCfg = Debug|Win32
		{FE178C2A-BDF9-4757-ACCB-603A818DE769}.Debug|x86.Build.0 = Debug|Win32
		{FE178C2A-BDF9-4757-ACCB-603A818DE769}.Release|x64.ActiveCfg = Release|x64
		{FE178C2A-BDF9-4757-ACCB-603A818DE769}.Release|x64.Build.0 = Release|x64
		{FE178C2A-BDF9-4757-ACCB-603A818DE769}.Release|x86.ActiveCfg = Release|Win32
		{FE178C2A-BDF9-4757-ACCB-603A818DE769}.Release|x86.Build.0 = Release|Win32
		{84F3754E-5DA1-4435-BAD6-0D2E5C33330F}.Debug|x64.ActiveCfg = Debug|x64
		{84F3754E-5DA1-4435-BAD6-0D2E5C33330F}.Debug|x64.Build.0 = Debug|x64
		{84F3754E-5DA1-4435-BAD6-0D2E5C33330F}.Debug|x86.ActiveCfg = Debug|Win32
		{84F3754E-5DA1-4435-BAD6-0D2E5C33330F}.Debug|x86.Build.0 = Debug|Win32
		{84F3754E-5DA1-4435-BAD6-0D2E5C33330F}.Release|x64.ActiveCfg = Release|x64
		{84F3754E-5DA1-4435-BAD6-0D2E5C33330F}.Release|x64.Build.0 = Release|x64
		{84F3754E-5DA1-4435-BAD6-0D2E5C33330F}.Release|x86.ActiveCfg = Release|Win32
		{84F3754E-5DA1-4435-BAD6-0D2E5C33330F}.Release|x86.Build.0 = Release|Win32
		{71C1698F-2368-4F56-8657-F520C5EB1627}.Debug|x64.ActiveCfg = Debug|x64
		{71C1698F-2368-4F56-8657-F520C5EB1627}.Debug|x64.Build.0 = Debug|x64
		{71C1698F-2368-4F56-8657-F520C5EB1627}.Debug|x86.ActiveCfg = Debug|Win32
		{71C1698F-2368-4F56-8657-F520C5EB1627}.Debug|x86.Build.0 = Debug|Win32
		{71C1698F-2368-4F56-8657-F520C5EB1627}.Release|x64.ActiveCfg = Release|x64
		{71C1698F-2368-4F56-8657-F520C5EB1627}.Release|x64.Build.0 = Release|x64
		{71C1698F-2368-4F56-8657-F520C5EB1627}.Release|x86.ActiveCfg = Release|Win32
		{71C1698F-2368-4F56-8657-F520C5EB1627}.Release|x86.Build.0 = Release|Win32
		{876FD5A3-72FB-4E87-BB52-D095DFF7F0CF}.Debug|x64.ActiveCfg = Debug|x64
		{876FD5A3-72FB-4E87-BB52-D095DFF7F0CF}.Debug|x64.Build.0 = Debug|x64
		{876FD5A3-72FB-4E87-BB52-D095DFF7F0CF}.Debug|x86.ActiveCfg = Debug|Win32
		{876FD5A3-72FB-4E87-BB52-D095DFF7F0CF}.Debug|x86.Build.0 = Debug|Win32
		{876FD5A3-72FB-4E87-BB52-D095DFF7F0CF}.Release|x64.ActiveCfg = Release|x64
		{876FD5A3-72FB-4E87-BB52-D095DFF7F0CF}.Release|x64.Build.0 = Release|x64
		{876FD5A3-72FB-4E87-BB52-D095DFF7F0CF}.Release|x86.ActiveCfg = Release|Win32
		{876FD5A3-72FB-4E87-BB52-D095DFF7F0CF}.Release|x86.Build.0 = Release|Win32
	EndGlobalSection
	GlobalSection(SolutionProperties) = preSolution
		HideSolutionNode = FALSE
	EndGlobalSection
	GlobalSection(ExtensibilityGlobals) = postSolution
		SolutionGuid = {9DDE23A3-B081-43BF-8AFF-C5229D53221C}
	EndGlobalSection
EndGlobal
