
Microsoft Visual Studio Solution File, Format Version 12.00
# Visual Studio Version 17
VisualStudioVersion = 17.12.35707.178
MinimumVisualStudioVersion = 10.0.40219.1
Project("{8BC9CEB8-8B4A-11D0-8D11-00A0C91BC942}") = "Cpp_nullnull", "Cpp_nullnull\Cpp_nullnull.vcxproj", "{8C2EE6B3-2A52-4DED-96F4-D5D17446B453}"
EndProject
Project("{8BC9CEB8-8B4A-11D0-8D11-00A0C91BC942}") = "실습38번", "C++_univ_vs2022\실습38번\실습38번.vcxproj", "{ED6FC37F-03B6-44D9-9FB3-17CD8419A93E}"
EndProject
Project("{8BC9CEB8-8B4A-11D0-8D11-00A0C91BC942}") = "실습24번", "C++_univ_vs2022\실습24번\실습24번.vcxproj", "{AE4409F0-0278-4588-9BB4-8B182723BA42}"
EndProject
Project("{8BC9CEB8-8B4A-11D0-8D11-00A0C91BC942}") = "실습27번", "C++_univ_vs2022\실습27번\실습27번.vcxproj", "{C5348E6C-6B3E-4860-B34C-4728D2FCDA47}"
EndProject
Project("{8BC9CEB8-8B4A-11D0-8D11-00A0C91BC942}") = "실습28번", "C++_univ_vs2022\실습28번\실습28번.vcxproj", "{E7A5F03E-2361-4944-84EC-4B2E553EC669}"
EndProject
Project("{8BC9CEB8-8B4A-11D0-8D11-00A0C91BC942}") = "실습29번", "C++_univ_vs2022\실습29번\실습29번.vcxproj", "{2D4E136D-FF71-49F2-97C9-6D3B62709D82}"
EndProject
Project("{8BC9CEB8-8B4A-11D0-8D11-00A0C91BC942}") = "실습34번", "C++_univ_vs2022\실습34번\실습34번.vcxproj", "{57EB59EE-BCA4-449E-B917-02AE428C6781}"
EndProject
Project("{8BC9CEB8-8B4A-11D0-8D11-00A0C91BC942}") = "실습42번", "C++_univ_vs2022\실습42번\실습42번.vcxproj", "{17A65668-80E4-4D0E-B9B6-8670B0C65881}"
EndProject
Project("{8BC9CEB8-8B4A-11D0-8D11-00A0C91BC942}") = "실습52번", "C++_univ_vs2022\실습52번\실습52번.vcxproj", "{B6CECD37-905D-4C35-8A6A-18F43BB24942}"
EndProject
Project("{8BC9CEB8-8B4A-11D0-8D11-00A0C91BC942}") = "실습41번", "C++_univ_vs2022\실습41번\실습41번.vcxproj", "{FE178C2A-BDF9-4757-ACCB-603A818DE769}"
EndProject
Project("{8BC9CEB8-8B4A-11D0-8D11-00A0C91BC942}") = "실습51번", "C++_univ_vs2022\실습51번\실습51번.vcxproj", "{84F3754E-5DA1-4435-BAD6-0D2E5C33330F}"
EndProject
Project("{8BC9CEB8-8B4A-11D0-8D11-00A0C91BC942}") = "실습61번", "C++_univ_vs2022\실습61번\실습61번.vcxproj", "{71C1698F-2368-4F56-8657-F520C5EB1627}"
EndProject
Project("{8BC9CEB8-8B4A-11D0-8D11-00A0C91BC942}") = "실습62번", "C++_univ_vs2022\실습62번\실습62번.vcxproj", "{876FD5A3-72FB-4E87-BB52-D095DFF7F0CF}"
EndProject
Project("{8BC9CEB8-8B4A-11D0-8D11-00A0C91BC942}") = "실습63번", "C++_univ_vs2022\실습63번\실습63번.vcxproj", "{63C606CB-E5DB-4267-B77E-51F324D8E0CF}"
EndProject
Project("{8BC9CEB8-8B4A-11D0-8D11-00A0C91BC942}") = "실습64번", "C++_univ_vs2022\실습64번\실습64번.vcxproj", "{6059CC4A-3160-47EC-A7FC-A1FAB138C12C}"
EndProject
Project("{8BC9CEB8-8B4A-11D0-8D11-00A0C91BC942}") = "실습71번", "C++_univ_vs2022\실습71번\실습71번.vcxproj", "{43AE2B3A-74A4-416A-AC55-CA24FD11931D}"
EndProject
Project("{8BC9CEB8-8B4A-11D0-8D11-00A0C91BC942}") = "실습72번", "C++_univ_vs2022\실습72번\실습72번.vcxproj", "{9260E3FF-B5E3-47BE-B5A8-935205C2CD50}"
EndProject
Project("{8BC9CEB8-8B4A-11D0-8D11-00A0C91BC942}") = "실습81번", "C++_univ_vs2022\실습81번\실습81번.vcxproj", "{5A461837-BF6B-4CFB-9217-130E86C40716}"
EndProject
Project("{8BC9CEB8-8B4A-11D0-8D11-00A0C91BC942}") = "실습82번", "C++_univ_vs2022\실습82번\실습82번.vcxproj", "{2079BB94-69BC-4A34-9E4A-F596DECF56F8}"
EndProject
Project("{8BC9CEB8-8B4A-11D0-8D11-00A0C91BC942}") = "실습91번", "C++_univ_vs2022\실습91번\실습91번.vcxproj", "{BDDD7C87-EAD4-4E6D-BD9F-1C4EF5004E78}"
EndProject
Project("{8BC9CEB8-8B4A-11D0-8D11-00A0C91BC942}") = "과제6(실습83번)", "C++_univ_vs2022\과제6(실습83번)\과제6(실습83번).vcxproj", "{6024E454-9CDE-49D6-B891-556025261ECE}"
EndProject
Project("{2150E333-8FDC-42A3-9474-1A3956D46DE8}") = "Solution Items", "Solution Items", "{F4128061-84EE-405F-973D-0A2492B8843A}"
	ProjectSection(SolutionItems) = preProject
		.editorconfig = .editorconfig
	EndProjectSection
EndProject
Project("{8BC9CEB8-8B4A-11D0-8D11-00A0C91BC942}") = "01. Helloworld", "Cpp_nullnull\01. Helloworld\01. Helloworld.vcxproj", "{25C04174-BF32-4155-BF87-4632AF072A05}"
EndProject
Project("{8BC9CEB8-8B4A-11D0-8D11-00A0C91BC942}") = "02.메모리 동적 할당 new_delete", "Cpp_nullnull\02.메모리 동적 할당 new_delete\02.메모리 동적 할당 new_delete.vcxproj", "{BB104F13-CB3B-4E39-A974-6F6C18A4E0BB}"
EndProject
Project("{8BC9CEB8-8B4A-11D0-8D11-00A0C91BC942}") = "03.rvalue 참조(임시객체 참조)", "Cpp_nullnull\03.rvalue 참조(임시객체 참조)\03.rvalue 참조(임시객체 참조).vcxproj", "{06B08DFC-4D57-49F7-9258-652C79840AB8}"
EndProject
Project("{8BC9CEB8-8B4A-11D0-8D11-00A0C91BC942}") = "실습92번", "C++_univ_vs2022\실습92번\실습92번.vcxproj", "{E4EAF63C-DD02-4A11-9478-63B125A05813}"
EndProject
Project("{8BC9CEB8-8B4A-11D0-8D11-00A0C91BC942}") = "실습93번", "C++_univ_vs2022\실습93번\실습93번.vcxproj", "{F2B7316B-8CE2-4CBB-AC08-FD5C25B07B8F}"
EndProject
Project("{8BC9CEB8-8B4A-11D0-8D11-00A0C91BC942}") = "실습94번", "C++_univ_vs2022\실습94번\실습94번.vcxproj", "{C553014B-E7AC-41AC-9ACA-317941491BA8}"
EndProject
Project("{8BC9CEB8-8B4A-11D0-8D11-00A0C91BC942}") = "실습95번-2(프로그램 실행 중 동작 변화 시키기)", "C++_univ_vs2022\실습95번-2(프로그램 실행 중 동작 변화 시키기)\실습95번-2(프로그램 실행 중 동작 변화 시키기).vcxproj", "{1DE742C6-3454-4BAE-8370-2E223E8BA4E4}"
EndProject
Project("{8BC9CEB8-8B4A-11D0-8D11-00A0C91BC942}") = "실습95번-1(class hierarchy)", "C++_univ_vs2022\실습95번-1(class hierarchy)\실습95번-1(class hierarchy).vcxproj", "{DF24F639-1FB8-4A0E-BAC1-7C2726B4B355}"
EndProject
Project("{8BC9CEB8-8B4A-11D0-8D11-00A0C91BC942}") = "실습101번", "C++_univ_vs2022\실습101번\실습101번.vcxproj", "{9F21696B-C49C-40FB-A351-C00CC93A1C35}"
EndProject
Project("{8BC9CEB8-8B4A-11D0-8D11-00A0C91BC942}") = "실습102번", "C++_univ_vs2022\실습102번\실습102번.vcxproj", "{DE4C1656-CD20-45CC-979E-68E510576C0E}"
EndProject
Project("{8BC9CEB8-8B4A-11D0-8D11-00A0C91BC942}") = "실습103번", "C++_univ_vs2022\실습103번\실습103번.vcxproj", "{96E51FFD-6CEF-4789-A3CD-D763E6593D4C}"
EndProject
Project("{8BC9CEB8-8B4A-11D0-8D11-00A0C91BC942}") = "실습111번", "C++_univ_vs2022\실습111번\실습111번.vcxproj", "{80989121-E361-4B37-B867-CBBBE4555F37}"
EndProject
Project("{8BC9CEB8-8B4A-11D0-8D11-00A0C91BC942}") = "실습112번", "C++_univ_vs2022\실습112번\실습112번.vcxproj", "{DBFAE615-017C-425E-AFE8-38B7B1E57DF1}"
EndProject
Project("{8BC9CEB8-8B4A-11D0-8D11-00A0C91BC942}") = "문자열 format[c++23적용]", "C++_univ_vs2022\문자열 format[c++23적용]\문자열 format[c++23적용].vcxproj", "{CC2CF408-7966-4D35-A3DC-BE686DBFC953}"
EndProject
Global
	GlobalSection(SolutionConfigurationPlatforms) = preSolution
		Debug|x64 = Debug|x64
		Debug|x86 = Debug|x86
		Release|x64 = Release|x64
		Release|x86 = Release|x86
	EndGlobalSection
	GlobalSection(ProjectConfigurationPlatforms) = postSolution
		{8C2EE6B3-2A52-4DED-96F4-D5D17446B453}.Debug|x64.ActiveCfg = Debug|x64
		{8C2EE6B3-2A52-4DED-96F4-D5D17446B453}.Debug|x64.Build.0 = Debug|x64
		{8C2EE6B3-2A52-4DED-96F4-D5D17446B453}.Debug|x86.ActiveCfg = Debug|Win32
		{8C2EE6B3-2A52-4DED-96F4-D5D17446B453}.Debug|x86.Build.0 = Debug|Win32
		{8C2EE6B3-2A52-4DED-96F4-D5D17446B453}.Release|x64.ActiveCfg = Release|x64
		{8C2EE6B3-2A52-4DED-96F4-D5D17446B453}.Release|x64.Build.0 = Release|x64
		{8C2EE6B3-2A52-4DED-96F4-D5D17446B453}.Release|x86.ActiveCfg = Release|Win32
		{8C2EE6B3-2A52-4DED-96F4-D5D17446B453}.Release|x86.Build.0 = Release|Win32
		{ED6FC37F-03B6-44D9-9FB3-17CD8419A93E}.Debug|x64.ActiveCfg = Debug|x64
		{ED6FC37F-03B6-44D9-9FB3-17CD8419A93E}.Debug|x64.Build.0 = Debug|x64
		{ED6FC37F-03B6-44D9-9FB3-17CD8419A93E}.Debug|x86.ActiveCfg = Debug|Win32
		{ED6FC37F-03B6-44D9-9FB3-17CD8419A93E}.Debug|x86.Build.0 = Debug|Win32
		{ED6FC37F-03B6-44D9-9FB3-17CD8419A93E}.Release|x64.ActiveCfg = Release|x64
		{ED6FC37F-03B6-44D9-9FB3-17CD8419A93E}.Release|x64.Build.0 = Release|x64
		{ED6FC37F-03B6-44D9-9FB3-17CD8419A93E}.Release|x86.ActiveCfg = Release|Win32
		{ED6FC37F-03B6-44D9-9FB3-17CD8419A93E}.Release|x86.Build.0 = Release|Win32
		{AE4409F0-0278-4588-9BB4-8B182723BA42}.Debug|x64.ActiveCfg = Debug|x64
		{AE4409F0-0278-4588-9BB4-8B182723BA42}.Debug|x64.Build.0 = Debug|x64
		{AE4409F0-0278-4588-9BB4-8B182723BA42}.Debug|x86.ActiveCfg = Debug|Win32
		{AE4409F0-0278-4588-9BB4-8B182723BA42}.Debug|x86.Build.0 = Debug|Win32
		{AE4409F0-0278-4588-9BB4-8B182723BA42}.Release|x64.ActiveCfg = Release|x64
		{AE4409F0-0278-4588-9BB4-8B182723BA42}.Release|x64.Build.0 = Release|x64
		{AE4409F0-0278-4588-9BB4-8B182723BA42}.Release|x86.ActiveCfg = Release|Win32
		{AE4409F0-0278-4588-9BB4-8B182723BA42}.Release|x86.Build.0 = Release|Win32
		{C5348E6C-6B3E-4860-B34C-4728D2FCDA47}.Debug|x64.ActiveCfg = Debug|x64
		{C5348E6C-6B3E-4860-B34C-4728D2FCDA47}.Debug|x64.Build.0 = Debug|x64
		{C5348E6C-6B3E-4860-B34C-4728D2FCDA47}.Debug|x86.ActiveCfg = Debug|Win32
		{C5348E6C-6B3E-4860-B34C-4728D2FCDA47}.Debug|x86.Build.0 = Debug|Win32
		{C5348E6C-6B3E-4860-B34C-4728D2FCDA47}.Release|x64.ActiveCfg = Release|x64
		{C5348E6C-6B3E-4860-B34C-4728D2FCDA47}.Release|x64.Build.0 = Release|x64
		{C5348E6C-6B3E-4860-B34C-4728D2FCDA47}.Release|x86.ActiveCfg = Release|Win32
		{C5348E6C-6B3E-4860-B34C-4728D2FCDA47}.Release|x86.Build.0 = Release|Win32
		{E7A5F03E-2361-4944-84EC-4B2E553EC669}.Debug|x64.ActiveCfg = Debug|x64
		{E7A5F03E-2361-4944-84EC-4B2E553EC669}.Debug|x64.Build.0 = Debug|x64
		{E7A5F03E-2361-4944-84EC-4B2E553EC669}.Debug|x86.ActiveCfg = Debug|Win32
		{E7A5F03E-2361-4944-84EC-4B2E553EC669}.Debug|x86.Build.0 = Debug|Win32
		{E7A5F03E-2361-4944-84EC-4B2E553EC669}.Release|x64.ActiveCfg = Release|x64
		{E7A5F03E-2361-4944-84EC-4B2E553EC669}.Release|x64.Build.0 = Release|x64
		{E7A5F03E-2361-4944-84EC-4B2E553EC669}.Release|x86.ActiveCfg = Release|Win32
		{E7A5F03E-2361-4944-84EC-4B2E553EC669}.Release|x86.Build.0 = Release|Win32
		{2D4E136D-FF71-49F2-97C9-6D3B62709D82}.Debug|x64.ActiveCfg = Debug|x64
		{2D4E136D-FF71-49F2-97C9-6D3B62709D82}.Debug|x64.Build.0 = Debug|x64
		{2D4E136D-FF71-49F2-97C9-6D3B62709D82}.Debug|x86.ActiveCfg = Debug|Win32
		{2D4E136D-FF71-49F2-97C9-6D3B62709D82}.Debug|x86.Build.0 = Debug|Win32
		{2D4E136D-FF71-49F2-97C9-6D3B62709D82}.Release|x64.ActiveCfg = Release|x64
		{2D4E136D-FF71-49F2-97C9-6D3B62709D82}.Release|x64.Build.0 = Release|x64
		{2D4E136D-FF71-49F2-97C9-6D3B62709D82}.Release|x86.ActiveCfg = Release|Win32
		{2D4E136D-FF71-49F2-97C9-6D3B62709D82}.Release|x86.Build.0 = Release|Win32
		{57EB59EE-BCA4-449E-B917-02AE428C6781}.Debug|x64.ActiveCfg = Debug|x64
		{57EB59EE-BCA4-449E-B917-02AE428C6781}.Debug|x64.Build.0 = Debug|x64
		{57EB59EE-BCA4-449E-B917-02AE428C6781}.Debug|x86.ActiveCfg = Debug|Win32
		{57EB59EE-BCA4-449E-B917-02AE428C6781}.Debug|x86.Build.0 = Debug|Win32
		{57EB59EE-BCA4-449E-B917-02AE428C6781}.Release|x64.ActiveCfg = Release|x64
		{57EB59EE-BCA4-449E-B917-02AE428C6781}.Release|x64.Build.0 = Release|x64
		{57EB59EE-BCA4-449E-B917-02AE428C6781}.Release|x86.ActiveCfg = Release|Win32
		{57EB59EE-BCA4-449E-B917-02AE428C6781}.Release|x86.Build.0 = Release|Win32
		{17A65668-80E4-4D0E-B9B6-8670B0C65881}.Debug|x64.ActiveCfg = Debug|x64
		{17A65668-80E4-4D0E-B9B6-8670B0C65881}.Debug|x64.Build.0 = Debug|x64
		{17A65668-80E4-4D0E-B9B6-8670B0C65881}.Debug|x86.ActiveCfg = Debug|Win32
		{17A65668-80E4-4D0E-B9B6-8670B0C65881}.Debug|x86.Build.0 = Debug|Win32
		{17A65668-80E4-4D0E-B9B6-8670B0C65881}.Release|x64.ActiveCfg = Release|x64
		{17A65668-80E4-4D0E-B9B6-8670B0C65881}.Release|x64.Build.0 = Release|x64
		{17A65668-80E4-4D0E-B9B6-8670B0C65881}.Release|x86.ActiveCfg = Release|Win32
		{17A65668-80E4-4D0E-B9B6-8670B0C65881}.Release|x86.Build.0 = Release|Win32
		{B6CECD37-905D-4C35-8A6A-18F43BB24942}.Debug|x64.ActiveCfg = Debug|x64
		{B6CECD37-905D-4C35-8A6A-18F43BB24942}.Debug|x64.Build.0 = Debug|x64
		{B6CECD37-905D-4C35-8A6A-18F43BB24942}.Debug|x86.ActiveCfg = Debug|Win32
		{B6CECD37-905D-4C35-8A6A-18F43BB24942}.Debug|x86.Build.0 = Debug|Win32
		{B6CECD37-905D-4C35-8A6A-18F43BB24942}.Release|x64.ActiveCfg = Release|x64
		{B6CECD37-905D-4C35-8A6A-18F43BB24942}.Release|x64.Build.0 = Release|x64
		{B6CECD37-905D-4C35-8A6A-18F43BB24942}.Release|x86.ActiveCfg = Release|Win32
		{B6CECD37-905D-4C35-8A6A-18F43BB24942}.Release|x86.Build.0 = Release|Win32
		{FE178C2A-BDF9-4757-ACCB-603A818DE769}.Debug|x64.ActiveCfg = Debug|x64
		{FE178C2A-BDF9-4757-ACCB-603A818DE769}.Debug|x64.Build.0 = Debug|x64
		{FE178C2A-BDF9-4757-ACCB-603A818DE769}.Debug|x86.ActiveCfg = Debug|Win32
		{FE178C2A-BDF9-4757-ACCB-603A818DE769}.Debug|x86.Build.0 = Debug|Win32
		{FE178C2A-BDF9-4757-ACCB-603A818DE769}.Release|x64.ActiveCfg = Release|x64
		{FE178C2A-BDF9-4757-ACCB-603A818DE769}.Release|x64.Build.0 = Release|x64
		{FE178C2A-BDF9-4757-ACCB-603A818DE769}.Release|x86.ActiveCfg = Release|Win32
		{FE178C2A-BDF9-4757-ACCB-603A818DE769}.Release|x86.Build.0 = Release|Win32
		{84F3754E-5DA1-4435-BAD6-0D2E5C33330F}.Debug|x64.ActiveCfg = Debug|x64
		{84F3754E-5DA1-4435-BAD6-0D2E5C33330F}.Debug|x64.Build.0 = Debug|x64
		{84F3754E-5DA1-4435-BAD6-0D2E5C33330F}.Debug|x86.ActiveCfg = Debug|Win32
		{84F3754E-5DA1-4435-BAD6-0D2E5C33330F}.Debug|x86.Build.0 = Debug|Win32
		{84F3754E-5DA1-4435-BAD6-0D2E5C33330F}.Release|x64.ActiveCfg = Release|x64
		{84F3754E-5DA1-4435-BAD6-0D2E5C33330F}.Release|x64.Build.0 = Release|x64
		{84F3754E-5DA1-4435-BAD6-0D2E5C33330F}.Release|x86.ActiveCfg = Release|Win32
		{84F3754E-5DA1-4435-BAD6-0D2E5C33330F}.Release|x86.Build.0 = Release|Win32
		{71C1698F-2368-4F56-8657-F520C5EB1627}.Debug|x64.ActiveCfg = Debug|x64
		{71C1698F-2368-4F56-8657-F520C5EB1627}.Debug|x64.Build.0 = Debug|x64
		{71C1698F-2368-4F56-8657-F520C5EB1627}.Debug|x86.ActiveCfg = Debug|Win32
		{71C1698F-2368-4F56-8657-F520C5EB1627}.Debug|x86.Build.0 = Debug|Win32
		{71C1698F-2368-4F56-8657-F520C5EB1627}.Release|x64.ActiveCfg = Release|x64
		{71C1698F-2368-4F56-8657-F520C5EB1627}.Release|x64.Build.0 = Release|x64
		{71C1698F-2368-4F56-8657-F520C5EB1627}.Release|x86.ActiveCfg = Release|Win32
		{71C1698F-2368-4F56-8657-F520C5EB1627}.Release|x86.Build.0 = Release|Win32
		{876FD5A3-72FB-4E87-BB52-D095DFF7F0CF}.Debug|x64.ActiveCfg = Debug|x64
		{876FD5A3-72FB-4E87-BB52-D095DFF7F0CF}.Debug|x64.Build.0 = Debug|x64
		{876FD5A3-72FB-4E87-BB52-D095DFF7F0CF}.Debug|x86.ActiveCfg = Debug|Win32
		{876FD5A3-72FB-4E87-BB52-D095DFF7F0CF}.Debug|x86.Build.0 = Debug|Win32
		{876FD5A3-72FB-4E87-BB52-D095DFF7F0CF}.Release|x64.ActiveCfg = Release|x64
		{876FD5A3-72FB-4E87-BB52-D095DFF7F0CF}.Release|x64.Build.0 = Release|x64
		{876FD5A3-72FB-4E87-BB52-D095DFF7F0CF}.Release|x86.ActiveCfg = Release|Win32
		{876FD5A3-72FB-4E87-BB52-D095DFF7F0CF}.Release|x86.Build.0 = Release|Win32
		{63C606CB-E5DB-4267-B77E-51F324D8E0CF}.Debug|x64.ActiveCfg = Debug|x64
		{63C606CB-E5DB-4267-B77E-51F324D8E0CF}.Debug|x64.Build.0 = Debug|x64
		{63C606CB-E5DB-4267-B77E-51F324D8E0CF}.Debug|x86.ActiveCfg = Debug|Win32
		{63C606CB-E5DB-4267-B77E-51F324D8E0CF}.Debug|x86.Build.0 = Debug|Win32
		{63C606CB-E5DB-4267-B77E-51F324D8E0CF}.Release|x64.ActiveCfg = Release|x64
		{63C606CB-E5DB-4267-B77E-51F324D8E0CF}.Release|x64.Build.0 = Release|x64
		{63C606CB-E5DB-4267-B77E-51F324D8E0CF}.Release|x86.ActiveCfg = Release|Win32
		{63C606CB-E5DB-4267-B77E-51F324D8E0CF}.Release|x86.Build.0 = Release|Win32
		{6059CC4A-3160-47EC-A7FC-A1FAB138C12C}.Debug|x64.ActiveCfg = Debug|x64
		{6059CC4A-3160-47EC-A7FC-A1FAB138C12C}.Debug|x64.Build.0 = Debug|x64
		{6059CC4A-3160-47EC-A7FC-A1FAB138C12C}.Debug|x86.ActiveCfg = Debug|Win32
		{6059CC4A-3160-47EC-A7FC-A1FAB138C12C}.Debug|x86.Build.0 = Debug|Win32
		{6059CC4A-3160-47EC-A7FC-A1FAB138C12C}.Release|x64.ActiveCfg = Release|x64
		{6059CC4A-3160-47EC-A7FC-A1FAB138C12C}.Release|x64.Build.0 = Release|x64
		{6059CC4A-3160-47EC-A7FC-A1FAB138C12C}.Release|x86.ActiveCfg = Release|Win32
		{6059CC4A-3160-47EC-A7FC-A1FAB138C12C}.Release|x86.Build.0 = Release|Win32
		{43AE2B3A-74A4-416A-AC55-CA24FD11931D}.Debug|x64.ActiveCfg = Debug|x64
		{43AE2B3A-74A4-416A-AC55-CA24FD11931D}.Debug|x64.Build.0 = Debug|x64
		{43AE2B3A-74A4-416A-AC55-CA24FD11931D}.Debug|x86.ActiveCfg = Debug|Win32
		{43AE2B3A-74A4-416A-AC55-CA24FD11931D}.Debug|x86.Build.0 = Debug|Win32
		{43AE2B3A-74A4-416A-AC55-CA24FD11931D}.Release|x64.ActiveCfg = Release|x64
		{43AE2B3A-74A4-416A-AC55-CA24FD11931D}.Release|x64.Build.0 = Release|x64
		{43AE2B3A-74A4-416A-AC55-CA24FD11931D}.Release|x86.ActiveCfg = Release|Win32
		{43AE2B3A-74A4-416A-AC55-CA24FD11931D}.Release|x86.Build.0 = Release|Win32
		{9260E3FF-B5E3-47BE-B5A8-935205C2CD50}.Debug|x64.ActiveCfg = Debug|x64
		{9260E3FF-B5E3-47BE-B5A8-935205C2CD50}.Debug|x64.Build.0 = Debug|x64
		{9260E3FF-B5E3-47BE-B5A8-935205C2CD50}.Debug|x86.ActiveCfg = Debug|Win32
		{9260E3FF-B5E3-47BE-B5A8-935205C2CD50}.Debug|x86.Build.0 = Debug|Win32
		{9260E3FF-B5E3-47BE-B5A8-935205C2CD50}.Release|x64.ActiveCfg = Release|x64
		{9260E3FF-B5E3-47BE-B5A8-935205C2CD50}.Release|x64.Build.0 = Release|x64
		{9260E3FF-B5E3-47BE-B5A8-935205C2CD50}.Release|x86.ActiveCfg = Release|Win32
		{9260E3FF-B5E3-47BE-B5A8-935205C2CD50}.Release|x86.Build.0 = Release|Win32
		{5A461837-BF6B-4CFB-9217-130E86C40716}.Debug|x64.ActiveCfg = Debug|x64
		{5A461837-BF6B-4CFB-9217-130E86C40716}.Debug|x64.Build.0 = Debug|x64
		{5A461837-BF6B-4CFB-9217-130E86C40716}.Debug|x86.ActiveCfg = Debug|Win32
		{5A461837-BF6B-4CFB-9217-130E86C40716}.Debug|x86.Build.0 = Debug|Win32
		{5A461837-BF6B-4CFB-9217-130E86C40716}.Release|x64.ActiveCfg = Release|x64
		{5A461837-BF6B-4CFB-9217-130E86C40716}.Release|x64.Build.0 = Release|x64
		{5A461837-BF6B-4CFB-9217-130E86C40716}.Release|x86.ActiveCfg = Release|Win32
		{5A461837-BF6B-4CFB-9217-130E86C40716}.Release|x86.Build.0 = Release|Win32
		{2079BB94-69BC-4A34-9E4A-F596DECF56F8}.Debug|x64.ActiveCfg = Debug|x64
		{2079BB94-69BC-4A34-9E4A-F596DECF56F8}.Debug|x64.Build.0 = Debug|x64
		{2079BB94-69BC-4A34-9E4A-F596DECF56F8}.Debug|x86.ActiveCfg = Debug|Win32
		{2079BB94-69BC-4A34-9E4A-F596DECF56F8}.Debug|x86.Build.0 = Debug|Win32
		{2079BB94-69BC-4A34-9E4A-F596DECF56F8}.Release|x64.ActiveCfg = Release|x64
		{2079BB94-69BC-4A34-9E4A-F596DECF56F8}.Release|x64.Build.0 = Release|x64
		{2079BB94-69BC-4A34-9E4A-F596DECF56F8}.Release|x86.ActiveCfg = Release|Win32
		{2079BB94-69BC-4A34-9E4A-F596DECF56F8}.Release|x86.Build.0 = Release|Win32
		{BDDD7C87-EAD4-4E6D-BD9F-1C4EF5004E78}.Debug|x64.ActiveCfg = Debug|x64
		{BDDD7C87-EAD4-4E6D-BD9F-1C4EF5004E78}.Debug|x64.Build.0 = Debug|x64
		{BDDD7C87-EAD4-4E6D-BD9F-1C4EF5004E78}.Debug|x86.ActiveCfg = Debug|Win32
		{BDDD7C87-EAD4-4E6D-BD9F-1C4EF5004E78}.Debug|x86.Build.0 = Debug|Win32
		{BDDD7C87-EAD4-4E6D-BD9F-1C4EF5004E78}.Release|x64.ActiveCfg = Release|x64
		{BDDD7C87-EAD4-4E6D-BD9F-1C4EF5004E78}.Release|x64.Build.0 = Release|x64
		{BDDD7C87-EAD4-4E6D-BD9F-1C4EF5004E78}.Release|x86.ActiveCfg = Release|Win32
		{BDDD7C87-EAD4-4E6D-BD9F-1C4EF5004E78}.Release|x86.Build.0 = Release|Win32
		{6024E454-9CDE-49D6-B891-556025261ECE}.Debug|x64.ActiveCfg = Debug|x64
		{6024E454-9CDE-49D6-B891-556025261ECE}.Debug|x64.Build.0 = Debug|x64
		{6024E454-9CDE-49D6-B891-556025261ECE}.Debug|x86.ActiveCfg = Debug|Win32
		{6024E454-9CDE-49D6-B891-556025261ECE}.Debug|x86.Build.0 = Debug|Win32
		{6024E454-9CDE-49D6-B891-556025261ECE}.Release|x64.ActiveCfg = Release|x64
		{6024E454-9CDE-49D6-B891-556025261ECE}.Release|x64.Build.0 = Release|x64
		{6024E454-9CDE-49D6-B891-556025261ECE}.Release|x86.ActiveCfg = Release|Win32
		{6024E454-9CDE-49D6-B891-556025261ECE}.Release|x86.Build.0 = Release|Win32
		{25C04174-BF32-4155-BF87-4632AF072A05}.Debug|x64.ActiveCfg = Debug|x64
		{25C04174-BF32-4155-BF87-4632AF072A05}.Debug|x64.Build.0 = Debug|x64
		{25C04174-BF32-4155-BF87-4632AF072A05}.Debug|x86.ActiveCfg = Debug|Win32
		{25C04174-BF32-4155-BF87-4632AF072A05}.Debug|x86.Build.0 = Debug|Win32
		{25C04174-BF32-4155-BF87-4632AF072A05}.Release|x64.ActiveCfg = Release|x64
		{25C04174-BF32-4155-BF87-4632AF072A05}.Release|x64.Build.0 = Release|x64
		{25C04174-BF32-4155-BF87-4632AF072A05}.Release|x86.ActiveCfg = Release|Win32
		{25C04174-BF32-4155-BF87-4632AF072A05}.Release|x86.Build.0 = Release|Win32
		{BB104F13-CB3B-4E39-A974-6F6C18A4E0BB}.Debug|x64.ActiveCfg = Debug|x64
		{BB104F13-CB3B-4E39-A974-6F6C18A4E0BB}.Debug|x64.Build.0 = Debug|x64
		{BB104F13-CB3B-4E39-A974-6F6C18A4E0BB}.Debug|x86.ActiveCfg = Debug|Win32
		{BB104F13-CB3B-4E39-A974-6F6C18A4E0BB}.Debug|x86.Build.0 = Debug|Win32
		{BB104F13-CB3B-4E39-A974-6F6C18A4E0BB}.Release|x64.ActiveCfg = Release|x64
		{BB104F13-CB3B-4E39-A974-6F6C18A4E0BB}.Release|x64.Build.0 = Release|x64
		{BB104F13-CB3B-4E39-A974-6F6C18A4E0BB}.Release|x86.ActiveCfg = Release|Win32
		{BB104F13-CB3B-4E39-A974-6F6C18A4E0BB}.Release|x86.Build.0 = Release|Win32
		{06B08DFC-4D57-49F7-9258-652C79840AB8}.Debug|x64.ActiveCfg = Debug|x64
		{06B08DFC-4D57-49F7-9258-652C79840AB8}.Debug|x64.Build.0 = Debug|x64
		{06B08DFC-4D57-49F7-9258-652C79840AB8}.Debug|x86.ActiveCfg = Debug|Win32
		{06B08DFC-4D57-49F7-9258-652C79840AB8}.Debug|x86.Build.0 = Debug|Win32
		{06B08DFC-4D57-49F7-9258-652C79840AB8}.Release|x64.ActiveCfg = Release|x64
		{06B08DFC-4D57-49F7-9258-652C79840AB8}.Release|x64.Build.0 = Release|x64
		{06B08DFC-4D57-49F7-9258-652C79840AB8}.Release|x86.ActiveCfg = Release|Win32
		{06B08DFC-4D57-49F7-9258-652C79840AB8}.Release|x86.Build.0 = Release|Win32
		{E4EAF63C-DD02-4A11-9478-63B125A05813}.Debug|x64.ActiveCfg = Debug|x64
		{E4EAF63C-DD02-4A11-9478-63B125A05813}.Debug|x64.Build.0 = Debug|x64
		{E4EAF63C-DD02-4A11-9478-63B125A05813}.Debug|x86.ActiveCfg = Debug|Win32
		{E4EAF63C-DD02-4A11-9478-63B125A05813}.Debug|x86.Build.0 = Debug|Win32
		{E4EAF63C-DD02-4A11-9478-63B125A05813}.Release|x64.ActiveCfg = Release|x64
		{E4EAF63C-DD02-4A11-9478-63B125A05813}.Release|x64.Build.0 = Release|x64
		{E4EAF63C-DD02-4A11-9478-63B125A05813}.Release|x86.ActiveCfg = Release|Win32
		{E4EAF63C-DD02-4A11-9478-63B125A05813}.Release|x86.Build.0 = Release|Win32
		{F2B7316B-8CE2-4CBB-AC08-FD5C25B07B8F}.Debug|x64.ActiveCfg = Debug|x64
		{F2B7316B-8CE2-4CBB-AC08-FD5C25B07B8F}.Debug|x64.Build.0 = Debug|x64
		{F2B7316B-8CE2-4CBB-AC08-FD5C25B07B8F}.Debug|x86.ActiveCfg = Debug|Win32
		{F2B7316B-8CE2-4CBB-AC08-FD5C25B07B8F}.Debug|x86.Build.0 = Debug|Win32
		{F2B7316B-8CE2-4CBB-AC08-FD5C25B07B8F}.Release|x64.ActiveCfg = Release|x64
		{F2B7316B-8CE2-4CBB-AC08-FD5C25B07B8F}.Release|x64.Build.0 = Release|x64
		{F2B7316B-8CE2-4CBB-AC08-FD5C25B07B8F}.Release|x86.ActiveCfg = Release|Win32
		{F2B7316B-8CE2-4CBB-AC08-FD5C25B07B8F}.Release|x86.Build.0 = Release|Win32
		{C553014B-E7AC-41AC-9ACA-317941491BA8}.Debug|x64.ActiveCfg = Debug|x64
		{C553014B-E7AC-41AC-9ACA-317941491BA8}.Debug|x64.Build.0 = Debug|x64
		{C553014B-E7AC-41AC-9ACA-317941491BA8}.Debug|x86.ActiveCfg = Debug|Win32
		{C553014B-E7AC-41AC-9ACA-317941491BA8}.Debug|x86.Build.0 = Debug|Win32
		{C553014B-E7AC-41AC-9ACA-317941491BA8}.Release|x64.ActiveCfg = Release|x64
		{C553014B-E7AC-41AC-9ACA-317941491BA8}.Release|x64.Build.0 = Release|x64
		{C553014B-E7AC-41AC-9ACA-317941491BA8}.Release|x86.ActiveCfg = Release|Win32
		{C553014B-E7AC-41AC-9ACA-317941491BA8}.Release|x86.Build.0 = Release|Win32
		{1DE742C6-3454-4BAE-8370-2E223E8BA4E4}.Debug|x64.ActiveCfg = Debug|x64
		{1DE742C6-3454-4BAE-8370-2E223E8BA4E4}.Debug|x64.Build.0 = Debug|x64
		{1DE742C6-3454-4BAE-8370-2E223E8BA4E4}.Debug|x86.ActiveCfg = Debug|Win32
		{1DE742C6-3454-4BAE-8370-2E223E8BA4E4}.Debug|x86.Build.0 = Debug|Win32
		{1DE742C6-3454-4BAE-8370-2E223E8BA4E4}.Release|x64.ActiveCfg = Release|x64
		{1DE742C6-3454-4BAE-8370-2E223E8BA4E4}.Release|x64.Build.0 = Release|x64
		{1DE742C6-3454-4BAE-8370-2E223E8BA4E4}.Release|x86.ActiveCfg = Release|Win32
		{1DE742C6-3454-4BAE-8370-2E223E8BA4E4}.Release|x86.Build.0 = Release|Win32
		{DF24F639-1FB8-4A0E-BAC1-7C2726B4B355}.Debug|x64.ActiveCfg = Debug|x64
		{DF24F639-1FB8-4A0E-BAC1-7C2726B4B355}.Debug|x64.Build.0 = Debug|x64
		{DF24F639-1FB8-4A0E-BAC1-7C2726B4B355}.Debug|x86.ActiveCfg = Debug|Win32
		{DF24F639-1FB8-4A0E-BAC1-7C2726B4B355}.Debug|x86.Build.0 = Debug|Win32
		{DF24F639-1FB8-4A0E-BAC1-7C2726B4B355}.Release|x64.ActiveCfg = Release|x64
		{DF24F639-1FB8-4A0E-BAC1-7C2726B4B355}.Release|x64.Build.0 = Release|x64
		{DF24F639-1FB8-4A0E-BAC1-7C2726B4B355}.Release|x86.ActiveCfg = Release|Win32
		{DF24F639-1FB8-4A0E-BAC1-7C2726B4B355}.Release|x86.Build.0 = Release|Win32
		{9F21696B-C49C-40FB-A351-C00CC93A1C35}.Debug|x64.ActiveCfg = Debug|x64
		{9F21696B-C49C-40FB-A351-C00CC93A1C35}.Debug|x64.Build.0 = Debug|x64
		{9F21696B-C49C-40FB-A351-C00CC93A1C35}.Debug|x86.ActiveCfg = Debug|Win32
		{9F21696B-C49C-40FB-A351-C00CC93A1C35}.Debug|x86.Build.0 = Debug|Win32
		{9F21696B-C49C-40FB-A351-C00CC93A1C35}.Release|x64.ActiveCfg = Release|x64
		{9F21696B-C49C-40FB-A351-C00CC93A1C35}.Release|x64.Build.0 = Release|x64
		{9F21696B-C49C-40FB-A351-C00CC93A1C35}.Release|x86.ActiveCfg = Release|Win32
		{9F21696B-C49C-40FB-A351-C00CC93A1C35}.Release|x86.Build.0 = Release|Win32
		{DE4C1656-CD20-45CC-979E-68E510576C0E}.Debug|x64.ActiveCfg = Debug|x64
		{DE4C1656-CD20-45CC-979E-68E510576C0E}.Debug|x64.Build.0 = Debug|x64
		{DE4C1656-CD20-45CC-979E-68E510576C0E}.Debug|x86.ActiveCfg = Debug|Win32
		{DE4C1656-CD20-45CC-979E-68E510576C0E}.Debug|x86.Build.0 = Debug|Win32
		{DE4C1656-CD20-45CC-979E-68E510576C0E}.Release|x64.ActiveCfg = Release|x64
		{DE4C1656-CD20-45CC-979E-68E510576C0E}.Release|x64.Build.0 = Release|x64
		{DE4C1656-CD20-45CC-979E-68E510576C0E}.Release|x86.ActiveCfg = Release|Win32
		{DE4C1656-CD20-45CC-979E-68E510576C0E}.Release|x86.Build.0 = Release|Win32
		{96E51FFD-6CEF-4789-A3CD-D763E6593D4C}.Debug|x64.ActiveCfg = Debug|x64
		{96E51FFD-6CEF-4789-A3CD-D763E6593D4C}.Debug|x64.Build.0 = Debug|x64
		{96E51FFD-6CEF-4789-A3CD-D763E6593D4C}.Debug|x86.ActiveCfg = Debug|Win32
		{96E51FFD-6CEF-4789-A3CD-D763E6593D4C}.Debug|x86.Build.0 = Debug|Win32
		{96E51FFD-6CEF-4789-A3CD-D763E6593D4C}.Release|x64.ActiveCfg = Release|x64
		{96E51FFD-6CEF-4789-A3CD-D763E6593D4C}.Release|x64.Build.0 = Release|x64
		{96E51FFD-6CEF-4789-A3CD-D763E6593D4C}.Release|x86.ActiveCfg = Release|Win32
		{96E51FFD-6CEF-4789-A3CD-D763E6593D4C}.Release|x86.Build.0 = Release|Win32
		{80989121-E361-4B37-B867-CBBBE4555F37}.Debug|x64.ActiveCfg = Debug|x64
		{80989121-E361-4B37-B867-CBBBE4555F37}.Debug|x64.Build.0 = Debug|x64
		{80989121-E361-4B37-B867-CBBBE4555F37}.Debug|x86.ActiveCfg = Debug|Win32
		{80989121-E361-4B37-B867-CBBBE4555F37}.Debug|x86.Build.0 = Debug|Win32
		{80989121-E361-4B37-B867-CBBBE4555F37}.Release|x64.ActiveCfg = Release|x64
		{80989121-E361-4B37-B867-CBBBE4555F37}.Release|x64.Build.0 = Release|x64
		{80989121-E361-4B37-B867-CBBBE4555F37}.Release|x86.ActiveCfg = Release|Win32
		{80989121-E361-4B37-B867-CBBBE4555F37}.Release|x86.Build.0 = Release|Win32
		{DBFAE615-017C-425E-AFE8-38B7B1E57DF1}.Debug|x64.ActiveCfg = Debug|x64
		{DBFAE615-017C-425E-AFE8-38B7B1E57DF1}.Debug|x64.Build.0 = Debug|x64
		{DBFAE615-017C-425E-AFE8-38B7B1E57DF1}.Debug|x86.ActiveCfg = Debug|Win32
		{DBFAE615-017C-425E-AFE8-38B7B1E57DF1}.Debug|x86.Build.0 = Debug|Win32
		{DBFAE615-017C-425E-AFE8-38B7B1E57DF1}.Release|x64.ActiveCfg = Release|x64
		{DBFAE615-017C-425E-AFE8-38B7B1E57DF1}.Release|x64.Build.0 = Release|x64
		{DBFAE615-017C-425E-AFE8-38B7B1E57DF1}.Release|x86.ActiveCfg = Release|Win32
		{DBFAE615-017C-425E-AFE8-38B7B1E57DF1}.Release|x86.Build.0 = Release|Win32
		{CC2CF408-7966-4D35-A3DC-BE686DBFC953}.Debug|x64.ActiveCfg = Debug|x64
		{CC2CF408-7966-4D35-A3DC-BE686DBFC953}.Debug|x64.Build.0 = Debug|x64
		{CC2CF408-7966-4D35-A3DC-BE686DBFC953}.Debug|x86.ActiveCfg = Debug|Win32
		{CC2CF408-7966-4D35-A3DC-BE686DBFC953}.Debug|x86.Build.0 = Debug|Win32
		{CC2CF408-7966-4D35-A3DC-BE686DBFC953}.Release|x64.ActiveCfg = Release|x64
		{CC2CF408-7966-4D35-A3DC-BE686DBFC953}.Release|x64.Build.0 = Release|x64
		{CC2CF408-7966-4D35-A3DC-BE686DBFC953}.Release|x86.ActiveCfg = Release|Win32
		{CC2CF408-7966-4D35-A3DC-BE686DBFC953}.Release|x86.Build.0 = Release|Win32
	EndGlobalSection
	GlobalSection(SolutionProperties) = preSolution
		HideSolutionNode = FALSE
	EndGlobalSection
	GlobalSection(ExtensibilityGlobals) = postSolution
		SolutionGuid = {9DDE23A3-B081-43BF-8AFF-C5229D53221C}
	EndGlobalSection
EndGlobal
